
Microsoft Visual Studio Solution File, Format Version 12.00
# Visual Studio Version 17
VisualStudioVersion = 17.14.36414.22 d17.14
MinimumVisualStudioVersion = 10.0.40219.1
Project("{FAE04EC0-301F-11D3-BF4B-00C04F79EFBC}") = "MovieRecommendationSystem.API", "MovieRecommendationSystem.API.csproj", "{76EB2238-B703-46A8-9E47-D7B3851D2379}"
EndProject
Global
	GlobalSection(SolutionConfigurationPlatforms) = preSolution
		Debug|Any CPU = Debug|Any CPU
		Release|Any CPU = Release|Any CPU
	EndGlobalSection
	GlobalSection(ProjectConfigurationPlatforms) = postSolution
		{76EB2238-B703-46A8-9E47-D7B3851D2379}.Debug|Any CPU.ActiveCfg = Debug|Any CPU
		{76EB2238-B703-46A8-9E47-D7B3851D2379}.Debug|Any CPU.Build.0 = Debug|Any CPU
		{76EB2238-B703-46A8-9E47-D7B3851D2379}.Release|Any CPU.ActiveCfg = Release|Any CPU
		{76EB2238-B703-46A8-9E47-D7B3851D2379}.Release|Any CPU.Build.0 = Release|Any CPU
	EndGlobalSection
	GlobalSection(SolutionProperties) = preSolution
		HideSolutionNode = FALSE
	EndGlobalSection
	GlobalSection(ExtensibilityGlobals) = postSolution
		SolutionGuid = {510DEBFC-EDDB-4E53-8C68-988A85A2AA48}
	EndGlobalSection
EndGlobal
